
Microsoft Visual Studio Solution File, Format Version 12.00
# Visual Studio Version 17
VisualStudioVersion = 17.4.33110.190
MinimumVisualStudioVersion = 10.0.40219.1
Project("{9A19103F-16F7-4668-BE54-9A1E7A4F7556}") = "Studentska Sluzba", "Studentska Sluzba\Studentska Sluzba.csproj", "{FFA0B4B2-7C3F-4945-A91D-DBF7DEDE4080}"
EndProject
Project("{FAE04EC0-301F-11D3-BF4B-00C04F79EFBC}") = "StudentskaWPF", "StudentskaWPF\StudentskaWPF.csproj", "{81C3FC89-508C-4CD2-984A-39D454C97479}"
EndProject
Global
	GlobalSection(SolutionConfigurationPlatforms) = preSolution
		Debug|Any CPU = Debug|Any CPU
		Release|Any CPU = Release|Any CPU
	EndGlobalSection
	GlobalSection(ProjectConfigurationPlatforms) = postSolution
		{FFA0B4B2-7C3F-4945-A91D-DBF7DEDE4080}.Debug|Any CPU.ActiveCfg = Debug|Any CPU
		{FFA0B4B2-7C3F-4945-A91D-DBF7DEDE4080}.Debug|Any CPU.Build.0 = Debug|Any CPU
		{FFA0B4B2-7C3F-4945-A91D-DBF7DEDE4080}.Release|Any CPU.ActiveCfg = Release|Any CPU
		{FFA0B4B2-7C3F-4945-A91D-DBF7DEDE4080}.Release|Any CPU.Build.0 = Release|Any CPU
		{81C3FC89-508C-4CD2-984A-39D454C97479}.Debug|Any CPU.ActiveCfg = Debug|Any CPU
		{81C3FC89-508C-4CD2-984A-39D454C97479}.Debug|Any CPU.Build.0 = Debug|Any CPU
		{81C3FC89-508C-4CD2-984A-39D454C97479}.Release|Any CPU.ActiveCfg = Release|Any CPU
		{81C3FC89-508C-4CD2-984A-39D454C97479}.Release|Any CPU.Build.0 = Release|Any CPU
	EndGlobalSection
	GlobalSection(SolutionProperties) = preSolution
		HideSolutionNode = FALSE
	EndGlobalSection
	GlobalSection(ExtensibilityGlobals) = postSolution
		SolutionGuid = {DD01FC54-BFDB-46E5-9616-1C21D0715714}
	EndGlobalSection
EndGlobal
